PODS:
  - umbrella_compose (0.0.1)

DEPENDENCIES:
  - umbrella_compose (from `../../common/umbrella-compose`)

EXTERNAL SOURCES:
  umbrella_compose:
    :path: "../../common/umbrella-compose"

SPEC CHECKSUMS:
  umbrella_compose: f6436e7e75d7348470274de772d1298954d53890

PODFILE CHECKSUM: 5881c0ec80e2c49fef85c71e55f32f1b81b09e61

COCOAPODS: 1.11.3
